// !$*UTF8*$!
{
	archiveVersion = 1;
	classes = {
	};
	objectVersion = 50;
	objects = {

/* Begin PBXBuildFile section */
		CE39A5B0239EC1A50035FD13 /* InformationSummaryVC.swift in Sources */ = {isa = PBXBuildFile; fileRef = CE39A5AF239EC1A50035FD13 /* InformationSummaryVC.swift */; };
		CE3FC8EF238D992100DDF4E0 /* AppDelegate.swift in Sources */ = {isa = PBXBuildFile; fileRef = CE3FC8EE238D992100DDF4E0 /* AppDelegate.swift */; };
		CE3FC8F1238D992100DDF4E0 /* SceneDelegate.swift in Sources */ = {isa = PBXBuildFile; fileRef = CE3FC8F0238D992100DDF4E0 /* SceneDelegate.swift */; };
		CE3FC8F3238D992100DDF4E0 /* ViewController.swift in Sources */ = {isa = PBXBuildFile; fileRef = CE3FC8F2238D992100DDF4E0 /* ViewController.swift */; };
		CE3FC8F6238D992100DDF4E0 /* Main.storyboard in Resources */ = {isa = PBXBuildFile; fileRef = CE3FC8F4238D992100DDF4E0 /* Main.storyboard */; };
		CE3FC8F8238D992300DDF4E0 /* Assets.xcassets in Resources */ = {isa = PBXBuildFile; fileRef = CE3FC8F7238D992300DDF4E0 /* Assets.xcassets */; };
		CE3FC8FB238D992300DDF4E0 /* LaunchScreen.storyboard in Resources */ = {isa = PBXBuildFile; fileRef = CE3FC8F9238D992300DDF4E0 /* LaunchScreen.storyboard */; };
		CE3FC906238D992300DDF4E0 /* CodeAcademyProjectTests.swift in Sources */ = {isa = PBXBuildFile; fileRef = CE3FC905238D992300DDF4E0 /* CodeAcademyProjectTests.swift */; };
		CE3FC911239047F600DDF4E0 /* CalculatorVC.swift in Sources */ = {isa = PBXBuildFile; fileRef = CE3FC910239047F600DDF4E0 /* CalculatorVC.swift */; };
		CE3FC9132390528400DDF4E0 /* HelloWorldButtonVC.swift in Sources */ = {isa = PBXBuildFile; fileRef = CE3FC9122390528400DDF4E0 /* HelloWorldButtonVC.swift */; };
		CE4B27F023ABD2B2009BBC9F /* LessonNineViewController.swift in Sources */ = {isa = PBXBuildFile; fileRef = CE4B27EF23ABD2B2009BBC9F /* LessonNineViewController.swift */; };
		CE4B27F323ABF81C009BBC9F /* DatRecepieVC.swift in Sources */ = {isa = PBXBuildFile; fileRef = CE4B27F223ABF81C009BBC9F /* DatRecepieVC.swift */; };
		CE4B27F523ABF8DD009BBC9F /* DatAppCell.swift in Sources */ = {isa = PBXBuildFile; fileRef = CE4B27F423ABF8DD009BBC9F /* DatAppCell.swift */; };
		CE4B27F723AC0644009BBC9F /* DataModel.swift in Sources */ = {isa = PBXBuildFile; fileRef = CE4B27F623AC0644009BBC9F /* DataModel.swift */; };
		CE4B27F923B8E617009BBC9F /* RestaurantsDetailVC.swift in Sources */ = {isa = PBXBuildFile; fileRef = CE4B27F823B8E617009BBC9F /* RestaurantsDetailVC.swift */; };
		CE4B27FB23B8E632009BBC9F /* RecepiesDetailVC.swift in Sources */ = {isa = PBXBuildFile; fileRef = CE4B27FA23B8E632009BBC9F /* RecepiesDetailVC.swift */; };
		CE63E43C23A7FF10008950E7 /* ContactListViewController.swift in Sources */ = {isa = PBXBuildFile; fileRef = CE63E43B23A7FF10008950E7 /* ContactListViewController.swift */; };
		CE63E43E23A802E9008950E7 /* ContactTableViewCell.swift in Sources */ = {isa = PBXBuildFile; fileRef = CE63E43D23A802E9008950E7 /* ContactTableViewCell.swift */; };
		CE63E44023A810C9008950E7 /* AddNewContactViewController.swift in Sources */ = {isa = PBXBuildFile; fileRef = CE63E43F23A810C9008950E7 /* AddNewContactViewController.swift */; };
		CEC321A423C5258500E06410 /* RecipeDetailVC.swift in Sources */ = {isa = PBXBuildFile; fileRef = CEC321A323C5258500E06410 /* RecipeDetailVC.swift */; };
		CEC321A623C6020500E06410 /* IngredientStruct.swift in Sources */ = {isa = PBXBuildFile; fileRef = CEC321A523C6020500E06410 /* IngredientStruct.swift */; };
		CEC3249623A29C1F003740DA /* LessonViewController.swift in Sources */ = {isa = PBXBuildFile; fileRef = CEC3249523A29C1F003740DA /* LessonViewController.swift */; };
		CED0E46123941DBB00A09200 /* GreetingsViewController.swift in Sources */ = {isa = PBXBuildFile; fileRef = CED0E46023941DBB00A09200 /* GreetingsViewController.swift */; };
		CED0E464239428C800A09200 /* LegalMargaritaVC.swift in Sources */ = {isa = PBXBuildFile; fileRef = CED0E463239428C800A09200 /* LegalMargaritaVC.swift */; };
		CEE0B0F623C3A7760072017A /* RecepieFactoryViewController.swift in Sources */ = {isa = PBXBuildFile; fileRef = CEE0B0F523C3A7760072017A /* RecepieFactoryViewController.swift */; };
		CEE0B0F923C3A7BC0072017A /* RecepieFactoryClass.swift in Sources */ = {isa = PBXBuildFile; fileRef = CEE0B0F823C3A7BC0072017A /* RecepieFactoryClass.swift */; };
		CEE0B0FB23C3A7C90072017A /* RecepieStruct.swift in Sources */ = {isa = PBXBuildFile; fileRef = CEE0B0FA23C3A7C90072017A /* RecepieStruct.swift */; };
		CEE0B0FD23C3AA170072017A /* RecepieFactoryCell.swift in Sources */ = {isa = PBXBuildFile; fileRef = CEE0B0FC23C3AA170072017A /* RecepieFactoryCell.swift */; };
		CEE5BED2239591CA0059590E /* ReciepesViewController.swift in Sources */ = {isa = PBXBuildFile; fileRef = CEE5BED1239591CA0059590E /* ReciepesViewController.swift */; };
		CEE5BED42395A0F80059590E /* RecepieTableViewCell.swift in Sources */ = {isa = PBXBuildFile; fileRef = CEE5BED32395A0F80059590E /* RecepieTableViewCell.swift */; };
		CEE5BED7239808F90059590E /* LoginScreenVC.swift in Sources */ = {isa = PBXBuildFile; fileRef = CEE5BED6239808F90059590E /* LoginScreenVC.swift */; };
		CEE5BED9239811C80059590E /* LoggedVC.swift in Sources */ = {isa = PBXBuildFile; fileRef = CEE5BED8239811C80059590E /* LoggedVC.swift */; };
		CEE5BEDC239933200059590E /* RecepieDetailVC.swift in Sources */ = {isa = PBXBuildFile; fileRef = CEE5BEDB239933200059590E /* RecepieDetailVC.swift */; };
		CEE5BEDE2399650E0059590E /* CardGameViewController.swift in Sources */ = {isa = PBXBuildFile; fileRef = CEE5BEDD2399650E0059590E /* CardGameViewController.swift */; };
		CEE5BEE1239D5C910059590E /* ContactsVC.swift in Sources */ = {isa = PBXBuildFile; fileRef = CEE5BEE0239D5C910059590E /* ContactsVC.swift */; };
		CEE5BEE4239D5F3C0059590E /* ContactCell.swift in Sources */ = {isa = PBXBuildFile; fileRef = CEE5BEE3239D5F3C0059590E /* ContactCell.swift */; };
		CEE5BEE6239E52B80059590E /* AddContactVC.swift in Sources */ = {isa = PBXBuildFile; fileRef = CEE5BEE5239E52B80059590E /* AddContactVC.swift */; };
		CEE5BEE9239EBA480059590E /* ContactsFormVC.swift in Sources */ = {isa = PBXBuildFile; fileRef = CEE5BEE8239EBA480059590E /* ContactsFormVC.swift */; };
/* End PBXBuildFile section */

/* Begin PBXContainerItemProxy section */
		CE3FC902238D992300DDF4E0 /* PBXContainerItemProxy */ = {
			isa = PBXContainerItemProxy;
			containerPortal = CE3FC8E3238D992100DDF4E0 /* Project object */;
			proxyType = 1;
			remoteGlobalIDString = CE3FC8EA238D992100DDF4E0;
			remoteInfo = CodeAcademyProject;
		};
/* End PBXContainerItemProxy section */

/* Begin PBXFileReference section */
		CE39A5AF239EC1A50035FD13 /* InformationSummaryVC.swift */ = {isa = PBXFileReference; lastKnownFileType = sourcecode.swift; path = InformationSummaryVC.swift; sourceTree = "<group>"; };
		CE3FC8EB238D992100DDF4E0 /* CodeAcademyProject.app */ = {isa = PBXFileReference; explicitFileType = wrapper.application; includeInIndex = 0; path = CodeAcademyProject.app; sourceTree = BUILT_PRODUCTS_DIR; };
		CE3FC8EE238D992100DDF4E0 /* AppDelegate.swift */ = {isa = PBXFileReference; lastKnownFileType = sourcecode.swift; path = AppDelegate.swift; sourceTree = "<group>"; };
		CE3FC8F0238D992100DDF4E0 /* SceneDelegate.swift */ = {isa = PBXFileReference; lastKnownFileType = sourcecode.swift; path = SceneDelegate.swift; sourceTree = "<group>"; };
		CE3FC8F2238D992100DDF4E0 /* ViewController.swift */ = {isa = PBXFileReference; lastKnownFileType = sourcecode.swift; path = ViewController.swift; sourceTree = "<group>"; };
		CE3FC8F5238D992100DDF4E0 /* Base */ = {isa = PBXFileReference; lastKnownFileType = file.storyboard; name = Base; path = Base.lproj/Main.storyboard; sourceTree = "<group>"; };
		CE3FC8F7238D992300DDF4E0 /* Assets.xcassets */ = {isa = PBXFileReference; lastKnownFileType = folder.assetcatalog; path = Assets.xcassets; sourceTree = "<group>"; };
		CE3FC8FA238D992300DDF4E0 /* Base */ = {isa = PBXFileReference; lastKnownFileType = file.storyboard; name = Base; path = Base.lproj/LaunchScreen.storyboard; sourceTree = "<group>"; };
		CE3FC8FC238D992300DDF4E0 /* Info.plist */ = {isa = PBXFileReference; lastKnownFileType = text.plist.xml; path = Info.plist; sourceTree = "<group>"; };
		CE3FC901238D992300DDF4E0 /* CodeAcademyProjectTests.xctest */ = {isa = PBXFileReference; explicitFileType = wrapper.cfbundle; includeInIndex = 0; path = CodeAcademyProjectTests.xctest; sourceTree = BUILT_PRODUCTS_DIR; };
		CE3FC905238D992300DDF4E0 /* CodeAcademyProjectTests.swift */ = {isa = PBXFileReference; lastKnownFileType = sourcecode.swift; path = CodeAcademyProjectTests.swift; sourceTree = "<group>"; };
		CE3FC907238D992300DDF4E0 /* Info.plist */ = {isa = PBXFileReference; lastKnownFileType = text.plist.xml; path = Info.plist; sourceTree = "<group>"; };
		CE3FC910239047F600DDF4E0 /* CalculatorVC.swift */ = {isa = PBXFileReference; lastKnownFileType = sourcecode.swift; path = CalculatorVC.swift; sourceTree = "<group>"; };
		CE3FC9122390528400DDF4E0 /* HelloWorldButtonVC.swift */ = {isa = PBXFileReference; lastKnownFileType = sourcecode.swift; path = HelloWorldButtonVC.swift; sourceTree = "<group>"; };
		CE4B27EF23ABD2B2009BBC9F /* LessonNineViewController.swift */ = {isa = PBXFileReference; lastKnownFileType = sourcecode.swift; path = LessonNineViewController.swift; sourceTree = "<group>"; };
		CE4B27F223ABF81C009BBC9F /* DatRecepieVC.swift */ = {isa = PBXFileReference; lastKnownFileType = sourcecode.swift; path = DatRecepieVC.swift; sourceTree = "<group>"; };
		CE4B27F423ABF8DD009BBC9F /* DatAppCell.swift */ = {isa = PBXFileReference; lastKnownFileType = sourcecode.swift; path = DatAppCell.swift; sourceTree = "<group>"; };
		CE4B27F623AC0644009BBC9F /* DataModel.swift */ = {isa = PBXFileReference; lastKnownFileType = sourcecode.swift; path = DataModel.swift; sourceTree = "<group>"; };
		CE4B27F823B8E617009BBC9F /* RestaurantsDetailVC.swift */ = {isa = PBXFileReference; lastKnownFileType = sourcecode.swift; path = RestaurantsDetailVC.swift; sourceTree = "<group>"; };
		CE4B27FA23B8E632009BBC9F /* RecepiesDetailVC.swift */ = {isa = PBXFileReference; lastKnownFileType = sourcecode.swift; path = RecepiesDetailVC.swift; sourceTree = "<group>"; };
		CE63E43B23A7FF10008950E7 /* ContactListViewController.swift */ = {isa = PBXFileReference; lastKnownFileType = sourcecode.swift; path = ContactListViewController.swift; sourceTree = "<group>"; };
		CE63E43D23A802E9008950E7 /* ContactTableViewCell.swift */ = {isa = PBXFileReference; lastKnownFileType = sourcecode.swift; path = ContactTableViewCell.swift; sourceTree = "<group>"; };
		CE63E43F23A810C9008950E7 /* AddNewContactViewController.swift */ = {isa = PBXFileReference; lastKnownFileType = sourcecode.swift; path = AddNewContactViewController.swift; sourceTree = "<group>"; };
		CEC321A323C5258500E06410 /* RecipeDetailVC.swift */ = {isa = PBXFileReference; lastKnownFileType = sourcecode.swift; path = RecipeDetailVC.swift; sourceTree = "<group>"; };
		CEC321A523C6020500E06410 /* IngredientStruct.swift */ = {isa = PBXFileReference; lastKnownFileType = sourcecode.swift; path = IngredientStruct.swift; sourceTree = "<group>"; };
		CEC3249523A29C1F003740DA /* LessonViewController.swift */ = {isa = PBXFileReference; lastKnownFileType = sourcecode.swift; path = LessonViewController.swift; sourceTree = "<group>"; };
		CED0E46023941DBB00A09200 /* GreetingsViewController.swift */ = {isa = PBXFileReference; lastKnownFileType = sourcecode.swift; path = GreetingsViewController.swift; sourceTree = "<group>"; };
		CED0E463239428C800A09200 /* LegalMargaritaVC.swift */ = {isa = PBXFileReference; lastKnownFileType = sourcecode.swift; path = LegalMargaritaVC.swift; sourceTree = "<group>"; };
		CEE0B0F523C3A7760072017A /* RecepieFactoryViewController.swift */ = {isa = PBXFileReference; lastKnownFileType = sourcecode.swift; path = RecepieFactoryViewController.swift; sourceTree = "<group>"; };
		CEE0B0F823C3A7BC0072017A /* RecepieFactoryClass.swift */ = {isa = PBXFileReference; lastKnownFileType = sourcecode.swift; path = RecepieFactoryClass.swift; sourceTree = "<group>"; };
		CEE0B0FA23C3A7C90072017A /* RecepieStruct.swift */ = {isa = PBXFileReference; lastKnownFileType = sourcecode.swift; path = RecepieStruct.swift; sourceTree = "<group>"; };
		CEE0B0FC23C3AA170072017A /* RecepieFactoryCell.swift */ = {isa = PBXFileReference; lastKnownFileType = sourcecode.swift; path = RecepieFactoryCell.swift; sourceTree = "<group>"; };
		CEE5BED1239591CA0059590E /* ReciepesViewController.swift */ = {isa = PBXFileReference; lastKnownFileType = sourcecode.swift; path = ReciepesViewController.swift; sourceTree = "<group>"; };
		CEE5BED32395A0F80059590E /* RecepieTableViewCell.swift */ = {isa = PBXFileReference; lastKnownFileType = sourcecode.swift; path = RecepieTableViewCell.swift; sourceTree = "<group>"; };
		CEE5BED6239808F90059590E /* LoginScreenVC.swift */ = {isa = PBXFileReference; lastKnownFileType = sourcecode.swift; path = LoginScreenVC.swift; sourceTree = "<group>"; };
		CEE5BED8239811C80059590E /* LoggedVC.swift */ = {isa = PBXFileReference; lastKnownFileType = sourcecode.swift; path = LoggedVC.swift; sourceTree = "<group>"; };
		CEE5BEDB239933200059590E /* RecepieDetailVC.swift */ = {isa = PBXFileReference; lastKnownFileType = sourcecode.swift; path = RecepieDetailVC.swift; sourceTree = "<group>"; };
		CEE5BEDD2399650E0059590E /* CardGameViewController.swift */ = {isa = PBXFileReference; lastKnownFileType = sourcecode.swift; path = CardGameViewController.swift; sourceTree = "<group>"; };
		CEE5BEE0239D5C910059590E /* ContactsVC.swift */ = {isa = PBXFileReference; lastKnownFileType = sourcecode.swift; path = ContactsVC.swift; sourceTree = "<group>"; };
		CEE5BEE3239D5F3C0059590E /* ContactCell.swift */ = {isa = PBXFileReference; lastKnownFileType = sourcecode.swift; path = ContactCell.swift; sourceTree = "<group>"; };
		CEE5BEE5239E52B80059590E /* AddContactVC.swift */ = {isa = PBXFileReference; lastKnownFileType = sourcecode.swift; path = AddContactVC.swift; sourceTree = "<group>"; };
		CEE5BEE8239EBA480059590E /* ContactsFormVC.swift */ = {isa = PBXFileReference; lastKnownFileType = sourcecode.swift; path = ContactsFormVC.swift; sourceTree = "<group>"; };
/* End PBXFileReference section */

/* Begin PBXFrameworksBuildPhase section */
		CE3FC8E8238D992100DDF4E0 /* Frameworks */ = {
			isa = PBXFrameworksBuildPhase;
			buildActionMask = 2147483647;
			files = (
			);
			runOnlyForDeploymentPostprocessing = 0;
		};
		CE3FC8FE238D992300DDF4E0 /* Frameworks */ = {
			isa = PBXFrameworksBuildPhase;
			buildActionMask = 2147483647;
			files = (
			);
			runOnlyForDeploymentPostprocessing = 0;
		};
/* End PBXFrameworksBuildPhase section */

/* Begin PBXGroup section */
		CE3FC8E2238D992100DDF4E0 = {
			isa = PBXGroup;
			children = (
				CE3FC8ED238D992100DDF4E0 /* CodeAcademyProject */,
				CE3FC904238D992300DDF4E0 /* CodeAcademyProjectTests */,
				CE3FC8EC238D992100DDF4E0 /* Products */,
			);
			sourceTree = "<group>";
		};
		CE3FC8EC238D992100DDF4E0 /* Products */ = {
			isa = PBXGroup;
			children = (
				CE3FC8EB238D992100DDF4E0 /* CodeAcademyProject.app */,
				CE3FC901238D992300DDF4E0 /* CodeAcademyProjectTests.xctest */,
			);
			name = Products;
			sourceTree = "<group>";
		};
		CE3FC8ED238D992100DDF4E0 /* CodeAcademyProject */ = {
			isa = PBXGroup;
			children = (
				CE3FC8EE238D992100DDF4E0 /* AppDelegate.swift */,
				CE3FC8F0238D992100DDF4E0 /* SceneDelegate.swift */,
				CED0E43D2392CF0200A09200 /* Lesson 2 */,
				CED0E43C2392CEE200A09200 /* Lesson 1 */,
				CED0E46223941DC900A09200 /* Homework Lesson 3 */,
				CEE5BED52395A14B0059590E /* Lesson 4 */,
				CEE5BEDA23992B450059590E /* Homework Lesson 4 */,
				CEE5BEDF239967E20059590E /* Lesson 5 */,
				CEE5BEE2239D5CA10059590E /* Homework Lesson 5 */,
				CEE5BEE7239EB9DC0059590E /* Lesson 6 */,
				CEC3249423A29BFD003740DA /* Lesson 7 */,
				CE63E43A23A7DD38008950E7 /* Lesson 8 */,
				CE4B27EE23ABD285009BBC9F /* Lesson 9 */,
				CE4B27F123ABF733009BBC9F /* Lesson 9 Recepie App */,
				CEE0B0F723C3A77E0072017A /* Lesson 10 */,
				CE3FC8F4238D992100DDF4E0 /* Main.storyboard */,
				CE3FC8F7238D992300DDF4E0 /* Assets.xcassets */,
				CE3FC8F9238D992300DDF4E0 /* LaunchScreen.storyboard */,
				CE3FC8FC238D992300DDF4E0 /* Info.plist */,
			);
			path = CodeAcademyProject;
			sourceTree = "<group>";
		};
		CE3FC904238D992300DDF4E0 /* CodeAcademyProjectTests */ = {
			isa = PBXGroup;
			children = (
				CE3FC905238D992300DDF4E0 /* CodeAcademyProjectTests.swift */,
				CE3FC907238D992300DDF4E0 /* Info.plist */,
			);
			path = CodeAcademyProjectTests;
			sourceTree = "<group>";
		};
		CE4B27EE23ABD285009BBC9F /* Lesson 9 */ = {
			isa = PBXGroup;
			children = (
				CE4B27EF23ABD2B2009BBC9F /* LessonNineViewController.swift */,
			);
			path = "Lesson 9";
			sourceTree = "<group>";
		};
		CE4B27F123ABF733009BBC9F /* Lesson 9 Recepie App */ = {
			isa = PBXGroup;
			children = (
				CE4B27F223ABF81C009BBC9F /* DatRecepieVC.swift */,
				CE4B27F623AC0644009BBC9F /* DataModel.swift */,
				CE4B27F423ABF8DD009BBC9F /* DatAppCell.swift */,
				CE4B27F823B8E617009BBC9F /* RestaurantsDetailVC.swift */,
				CE4B27FA23B8E632009BBC9F /* RecepiesDetailVC.swift */,
			);
			path = "Lesson 9 Recepie App";
			sourceTree = "<group>";
		};
		CE63E43A23A7DD38008950E7 /* Lesson 8 */ = {
			isa = PBXGroup;
			children = (
				CE63E43B23A7FF10008950E7 /* ContactListViewController.swift */,
				CE63E43D23A802E9008950E7 /* ContactTableViewCell.swift */,
				CE63E43F23A810C9008950E7 /* AddNewContactViewController.swift */,
			);
			path = "Lesson 8";
			sourceTree = "<group>";
		};
		CEC3249423A29BFD003740DA /* Lesson 7 */ = {
			isa = PBXGroup;
			children = (
				CEC3249523A29C1F003740DA /* LessonViewController.swift */,
			);
			path = "Lesson 7";
			sourceTree = "<group>";
		};
		CED0E43C2392CEE200A09200 /* Lesson 1 */ = {
			isa = PBXGroup;
			children = (
				CE3FC8F2238D992100DDF4E0 /* ViewController.swift */,
			);
			path = "Lesson 1";
			sourceTree = "<group>";
		};
		CED0E43D2392CF0200A09200 /* Lesson 2 */ = {
			isa = PBXGroup;
			children = (
				CE3FC910239047F600DDF4E0 /* CalculatorVC.swift */,
				CE3FC9122390528400DDF4E0 /* HelloWorldButtonVC.swift */,
			);
			path = "Lesson 2";
			sourceTree = "<group>";
		};
		CED0E46223941DC900A09200 /* Homework Lesson 3 */ = {
			isa = PBXGroup;
			children = (
				CED0E46023941DBB00A09200 /* GreetingsViewController.swift */,
				CED0E463239428C800A09200 /* LegalMargaritaVC.swift */,
			);
			path = "Homework Lesson 3";
			sourceTree = "<group>";
		};
		CEE0B0F723C3A77E0072017A /* Lesson 10 */ = {
			isa = PBXGroup;
			children = (
				CEE0B0F523C3A7760072017A /* RecepieFactoryViewController.swift */,
				CEE0B0FC23C3AA170072017A /* RecepieFactoryCell.swift */,
				CEE0B0F823C3A7BC0072017A /* RecepieFactoryClass.swift */,
				CEE0B0FA23C3A7C90072017A /* RecepieStruct.swift */,
				CEC321A323C5258500E06410 /* RecipeDetailVC.swift */,
				CEC321A523C6020500E06410 /* IngredientStruct.swift */,
			);
			path = "Lesson 10";
			sourceTree = "<group>";
		};
		CEE5BED52395A14B0059590E /* Lesson 4 */ = {
			isa = PBXGroup;
			children = (
				CEE5BED1239591CA0059590E /* ReciepesViewController.swift */,
				CEE5BED32395A0F80059590E /* RecepieTableViewCell.swift */,
				CEE5BEDB239933200059590E /* RecepieDetailVC.swift */,
			);
			path = "Lesson 4";
			sourceTree = "<group>";
		};
		CEE5BEDA23992B450059590E /* Homework Lesson 4 */ = {
			isa = PBXGroup;
			children = (
				CEE5BED6239808F90059590E /* LoginScreenVC.swift */,
				CEE5BED8239811C80059590E /* LoggedVC.swift */,
			);
			path = "Homework Lesson 4";
			sourceTree = "<group>";
		};
		CEE5BEDF239967E20059590E /* Lesson 5 */ = {
			isa = PBXGroup;
			children = (
				CEE5BEDD2399650E0059590E /* CardGameViewController.swift */,
			);
			path = "Lesson 5";
			sourceTree = "<group>";
		};
		CEE5BEE2239D5CA10059590E /* Homework Lesson 5 */ = {
			isa = PBXGroup;
			children = (
				CEE5BEE0239D5C910059590E /* ContactsVC.swift */,
				CEE5BEE3239D5F3C0059590E /* ContactCell.swift */,
				CEE5BEE5239E52B80059590E /* AddContactVC.swift */,
			);
			path = "Homework Lesson 5";
			sourceTree = "<group>";
		};
		CEE5BEE7239EB9DC0059590E /* Lesson 6 */ = {
			isa = PBXGroup;
			children = (
				CEE5BEE8239EBA480059590E /* ContactsFormVC.swift */,
				CE39A5AF239EC1A50035FD13 /* InformationSummaryVC.swift */,
			);
			path = "Lesson 6";
			sourceTree = "<group>";
		};
/* End PBXGroup section */

/* Begin PBXNativeTarget section */
		CE3FC8EA238D992100DDF4E0 /* CodeAcademyProject */ = {
			isa = PBXNativeTarget;
			buildConfigurationList = CE3FC90A238D992300DDF4E0 /* Build configuration list for PBXNativeTarget "CodeAcademyProject" */;
			buildPhases = (
				CE3FC8E7238D992100DDF4E0 /* Sources */,
				CE3FC8E8238D992100DDF4E0 /* Frameworks */,
				CE3FC8E9238D992100DDF4E0 /* Resources */,
			);
			buildRules = (
			);
			dependencies = (
			);
			name = CodeAcademyProject;
			productName = CodeAcademyProject;
			productReference = CE3FC8EB238D992100DDF4E0 /* CodeAcademyProject.app */;
			productType = "com.apple.product-type.application";
		};
		CE3FC900238D992300DDF4E0 /* CodeAcademyProjectTests */ = {
			isa = PBXNativeTarget;
			buildConfigurationList = CE3FC90D238D992300DDF4E0 /* Build configuration list for PBXNativeTarget "CodeAcademyProjectTests" */;
			buildPhases = (
				CE3FC8FD238D992300DDF4E0 /* Sources */,
				CE3FC8FE238D992300DDF4E0 /* Frameworks */,
				CE3FC8FF238D992300DDF4E0 /* Resources */,
			);
			buildRules = (
			);
			dependencies = (
				CE3FC903238D992300DDF4E0 /* PBXTargetDependency */,
			);
			name = CodeAcademyProjectTests;
			productName = CodeAcademyProjectTests;
			productReference = CE3FC901238D992300DDF4E0 /* CodeAcademyProjectTests.xctest */;
			productType = "com.apple.product-type.bundle.unit-test";
		};
/* End PBXNativeTarget section */

/* Begin PBXProject section */
		CE3FC8E3238D992100DDF4E0 /* Project object */ = {
			isa = PBXProject;
			attributes = {
				LastSwiftUpdateCheck = 1120;
				LastUpgradeCheck = 1120;
				ORGANIZATIONNAME = "Arvydas Klimavicius";
				TargetAttributes = {
					CE3FC8EA238D992100DDF4E0 = {
						CreatedOnToolsVersion = 11.2.1;
					};
					CE3FC900238D992300DDF4E0 = {
						CreatedOnToolsVersion = 11.2.1;
						TestTargetID = CE3FC8EA238D992100DDF4E0;
					};
				};
			};
			buildConfigurationList = CE3FC8E6238D992100DDF4E0 /* Build configuration list for PBXProject "CodeAcademyProject" */;
			compatibilityVersion = "Xcode 9.3";
			developmentRegion = en;
			hasScannedForEncodings = 0;
			knownRegions = (
				en,
				Base,
			);
			mainGroup = CE3FC8E2238D992100DDF4E0;
			productRefGroup = CE3FC8EC238D992100DDF4E0 /* Products */;
			projectDirPath = "";
			projectRoot = "";
			targets = (
				CE3FC8EA238D992100DDF4E0 /* CodeAcademyProject */,
				CE3FC900238D992300DDF4E0 /* CodeAcademyProjectTests */,
			);
		};
/* End PBXProject section */

/* Begin PBXResourcesBuildPhase section */
		CE3FC8E9238D992100DDF4E0 /* Resources */ = {
			isa = PBXResourcesBuildPhase;
			buildActionMask = 2147483647;
			files = (
				CE3FC8FB238D992300DDF4E0 /* LaunchScreen.storyboard in Resources */,
				CE3FC8F8238D992300DDF4E0 /* Assets.xcassets in Resources */,
				CE3FC8F6238D992100DDF4E0 /* Main.storyboard in Resources */,
			);
			runOnlyForDeploymentPostprocessing = 0;
		};
		CE3FC8FF238D992300DDF4E0 /* Resources */ = {
			isa = PBXResourcesBuildPhase;
			buildActionMask = 2147483647;
			files = (
			);
			runOnlyForDeploymentPostprocessing = 0;
		};
/* End PBXResourcesBuildPhase section */

/* Begin PBXSourcesBuildPhase section */
		CE3FC8E7238D992100DDF4E0 /* Sources */ = {
			isa = PBXSourcesBuildPhase;
			buildActionMask = 2147483647;
			files = (
				CEE5BEE4239D5F3C0059590E /* ContactCell.swift in Sources */,
				CE63E43C23A7FF10008950E7 /* ContactListViewController.swift in Sources */,
				CEC3249623A29C1F003740DA /* LessonViewController.swift in Sources */,
				CEE5BED7239808F90059590E /* LoginScreenVC.swift in Sources */,
				CEE0B0FB23C3A7C90072017A /* RecepieStruct.swift in Sources */,
				CE4B27F523ABF8DD009BBC9F /* DatAppCell.swift in Sources */,
				CEE0B0F623C3A7760072017A /* RecepieFactoryViewController.swift in Sources */,
				CE4B27FB23B8E632009BBC9F /* RecepiesDetailVC.swift in Sources */,
				CEE0B0FD23C3AA170072017A /* RecepieFactoryCell.swift in Sources */,
				CE63E44023A810C9008950E7 /* AddNewContactViewController.swift in Sources */,
				CEE5BEDC239933200059590E /* RecepieDetailVC.swift in Sources */,
				CEC321A623C6020500E06410 /* IngredientStruct.swift in Sources */,
				CED0E464239428C800A09200 /* LegalMargaritaVC.swift in Sources */,
				CEC321A423C5258500E06410 /* RecipeDetailVC.swift in Sources */,
				CEE5BED42395A0F80059590E /* RecepieTableViewCell.swift in Sources */,
				CEE5BEE9239EBA480059590E /* ContactsFormVC.swift in Sources */,
				CE3FC9132390528400DDF4E0 /* HelloWorldButtonVC.swift in Sources */,
				CEE5BEE1239D5C910059590E /* ContactsVC.swift in Sources */,
				CED0E46123941DBB00A09200 /* GreetingsViewController.swift in Sources */,
				CE4B27F323ABF81C009BBC9F /* DatRecepieVC.swift in Sources */,
				CE4B27F023ABD2B2009BBC9F /* LessonNineViewController.swift in Sources */,
				CEE0B0F923C3A7BC0072017A /* RecepieFactoryClass.swift in Sources */,
				CE3FC911239047F600DDF4E0 /* CalculatorVC.swift in Sources */,
				CEE5BEDE2399650E0059590E /* CardGameViewController.swift in Sources */,
				CEE5BED9239811C80059590E /* LoggedVC.swift in Sources */,
				CE39A5B0239EC1A50035FD13 /* InformationSummaryVC.swift in Sources */,
				CE4B27F723AC0644009BBC9F /* DataModel.swift in Sources */,
				CEE5BEE6239E52B80059590E /* AddContactVC.swift in Sources */,
				CE3FC8F3238D992100DDF4E0 /* ViewController.swift in Sources */,
				CE4B27F923B8E617009BBC9F /* RestaurantsDetailVC.swift in Sources */,
				CE3FC8EF238D992100DDF4E0 /* AppDelegate.swift in Sources */,
				CE63E43E23A802E9008950E7 /* ContactTableViewCell.swift in Sources */,
				CEE5BED2239591CA0059590E /* ReciepesViewController.swift in Sources */,
				CE3FC8F1238D992100DDF4E0 /* SceneDelegate.swift in Sources */,
			);
			runOnlyForDeploymentPostprocessing = 0;
		};
		CE3FC8FD238D992300DDF4E0 /* Sources */ = {
			isa = PBXSourcesBuildPhase;
			buildActionMask = 2147483647;
			files = (
				CE3FC906238D992300DDF4E0 /* CodeAcademyProjectTests.swift in Sources */,
			);
			runOnlyForDeploymentPostprocessing = 0;
		};
/* End PBXSourcesBuildPhase section */

/* Begin PBXTargetDependency section */
		CE3FC903238D992300DDF4E0 /* PBXTargetDependency */ = {
			isa = PBXTargetDependency;
			target = CE3FC8EA238D992100DDF4E0 /* CodeAcademyProject */;
			targetProxy = CE3FC902238D992300DDF4E0 /* PBXContainerItemProxy */;
		};
/* End PBXTargetDependency section */

/* Begin PBXVariantGroup section */
		CE3FC8F4238D992100DDF4E0 /* Main.storyboard */ = {
			isa = PBXVariantGroup;
			children = (
				CE3FC8F5238D992100DDF4E0 /* Base */,
			);
			name = Main.storyboard;
			sourceTree = "<group>";
		};
		CE3FC8F9238D992300DDF4E0 /* LaunchScreen.storyboard */ = {
			isa = PBXVariantGroup;
			children = (
				CE3FC8FA238D992300DDF4E0 /* Base */,
			);
			name = LaunchScreen.storyboard;
			sourceTree = "<group>";
		};
/* End PBXVariantGroup section */

/* Begin XCBuildConfiguration section */
		CE3FC908238D992300DDF4E0 /* Debug */ = {
			isa = XCBuildConfiguration;
			buildSettings = {
				ALWAYS_SEARCH_USER_PATHS = NO;
				CLANG_ANALYZER_NONNULL = YES;
				CLANG_ANALYZER_NUMBER_OBJECT_CONVERSION = YES_AGGRESSIVE;
				CLANG_CXX_LANGUAGE_STANDARD = "gnu++14";
				CLANG_CXX_LIBRARY = "libc++";
				CLANG_ENABLE_MODULES = YES;
				CLANG_ENABLE_OBJC_ARC = YES;
				CLANG_ENABLE_OBJC_WEAK = YES;
				CLANG_WARN_BLOCK_CAPTURE_AUTORELEASING = YES;
				CLANG_WARN_BOOL_CONVERSION = YES;
				CLANG_WARN_COMMA = YES;
				CLANG_WARN_CONSTANT_CONVERSION = YES;
				CLANG_WARN_DEPRECATED_OBJC_IMPLEMENTATIONS = YES;
				CLANG_WARN_DIRECT_OBJC_ISA_USAGE = YES_ERROR;
				CLANG_WARN_DOCUMENTATION_COMMENTS = YES;
				CLANG_WARN_EMPTY_BODY = YES;
				CLANG_WARN_ENUM_CONVERSION = YES;
				CLANG_WARN_INFINITE_RECURSION = YES;
				CLANG_WARN_INT_CONVERSION = YES;
				CLANG_WARN_NON_LITERAL_NULL_CONVERSION = YES;
				CLANG_WARN_OBJC_IMPLICIT_RETAIN_SELF = YES;
				CLANG_WARN_OBJC_LITERAL_CONVERSION = YES;
				CLANG_WARN_OBJC_ROOT_CLASS = YES_ERROR;
				CLANG_WARN_RANGE_LOOP_ANALYSIS = YES;
				CLANG_WARN_STRICT_PROTOTYPES = YES;
				CLANG_WARN_SUSPICIOUS_MOVE = YES;
				CLANG_WARN_UNGUARDED_AVAILABILITY = YES_AGGRESSIVE;
				CLANG_WARN_UNREACHABLE_CODE = YES;
				CLANG_WARN__DUPLICATE_METHOD_MATCH = YES;
				COPY_PHASE_STRIP = NO;
				DEBUG_INFORMATION_FORMAT = dwarf;
				ENABLE_STRICT_OBJC_MSGSEND = YES;
				ENABLE_TESTABILITY = YES;
				GCC_C_LANGUAGE_STANDARD = gnu11;
				GCC_DYNAMIC_NO_PIC = NO;
				GCC_NO_COMMON_BLOCKS = YES;
				GCC_OPTIMIZATION_LEVEL = 0;
				GCC_PREPROCESSOR_DEFINITIONS = (
					"DEBUG=1",
					"$(inherited)",
				);
				GCC_WARN_64_TO_32_BIT_CONVERSION = YES;
				GCC_WARN_ABOUT_RETURN_TYPE = YES_ERROR;
				GCC_WARN_UNDECLARED_SELECTOR = YES;
				GCC_WARN_UNINITIALIZED_AUTOS = YES_AGGRESSIVE;
				GCC_WARN_UNUSED_FUNCTION = YES;
				GCC_WARN_UNUSED_VARIABLE = YES;
				IPHONEOS_DEPLOYMENT_TARGET = 13.2;
				MTL_ENABLE_DEBUG_INFO = INCLUDE_SOURCE;
				MTL_FAST_MATH = YES;
				ONLY_ACTIVE_ARCH = YES;
				SDKROOT = iphoneos;
				SWIFT_ACTIVE_COMPILATION_CONDITIONS = DEBUG;
				SWIFT_OPTIMIZATION_LEVEL = "-Onone";
			};
			name = Debug;
		};
		CE3FC909238D992300DDF4E0 /* Release */ = {
			isa = XCBuildConfiguration;
			buildSettings = {
				ALWAYS_SEARCH_USER_PATHS = NO;
				CLANG_ANALYZER_NONNULL = YES;
				CLANG_ANALYZER_NUMBER_OBJECT_CONVERSION = YES_AGGRESSIVE;
				CLANG_CXX_LANGUAGE_STANDARD = "gnu++14";
				CLANG_CXX_LIBRARY = "libc++";
				CLANG_ENABLE_MODULES = YES;
				CLANG_ENABLE_OBJC_ARC = YES;
				CLANG_ENABLE_OBJC_WEAK = YES;
				CLANG_WARN_BLOCK_CAPTURE_AUTORELEASING = YES;
				CLANG_WARN_BOOL_CONVERSION = YES;
				CLANG_WARN_COMMA = YES;
				CLANG_WARN_CONSTANT_CONVERSION = YES;
				CLANG_WARN_DEPRECATED_OBJC_IMPLEMENTATIONS = YES;
				CLANG_WARN_DIRECT_OBJC_ISA_USAGE = YES_ERROR;
				CLANG_WARN_DOCUMENTATION_COMMENTS = YES;
				CLANG_WARN_EMPTY_BODY = YES;
				CLANG_WARN_ENUM_CONVERSION = YES;
				CLANG_WARN_INFINITE_RECURSION = YES;
				CLANG_WARN_INT_CONVERSION = YES;
				CLANG_WARN_NON_LITERAL_NULL_CONVERSION = YES;
				CLANG_WARN_OBJC_IMPLICIT_RETAIN_SELF = YES;
				CLANG_WARN_OBJC_LITERAL_CONVERSION = YES;
				CLANG_WARN_OBJC_ROOT_CLASS = YES_ERROR;
				CLANG_WARN_RANGE_LOOP_ANALYSIS = YES;
				CLANG_WARN_STRICT_PROTOTYPES = YES;
				CLANG_WARN_SUSPICIOUS_MOVE = YES;
				CLANG_WARN_UNGUARDED_AVAILABILITY = YES_AGGRESSIVE;
				CLANG_WARN_UNREACHABLE_CODE = YES;
				CLANG_WARN__DUPLICATE_METHOD_MATCH = YES;
				COPY_PHASE_STRIP = NO;
				DEBUG_INFORMATION_FORMAT = "dwarf-with-dsym";
				ENABLE_NS_ASSERTIONS = NO;
				ENABLE_STRICT_OBJC_MSGSEND = YES;
				GCC_C_LANGUAGE_STANDARD = gnu11;
				GCC_NO_COMMON_BLOCKS = YES;
				GCC_WARN_64_TO_32_BIT_CONVERSION = YES;
				GCC_WARN_ABOUT_RETURN_TYPE = YES_ERROR;
				GCC_WARN_UNDECLARED_SELECTOR = YES;
				GCC_WARN_UNINITIALIZED_AUTOS = YES_AGGRESSIVE;
				GCC_WARN_UNUSED_FUNCTION = YES;
				GCC_WARN_UNUSED_VARIABLE = YES;
				IPHONEOS_DEPLOYMENT_TARGET = 13.2;
				MTL_ENABLE_DEBUG_INFO = NO;
				MTL_FAST_MATH = YES;
				SDKROOT = iphoneos;
				SWIFT_COMPILATION_MODE = wholemodule;
				SWIFT_OPTIMIZATION_LEVEL = "-O";
				VALIDATE_PRODUCT = YES;
			};
			name = Release;
		};
		CE3FC90B238D992300DDF4E0 /* Debug */ = {
			isa = XCBuildConfiguration;
			buildSettings = {
				ASSETCATALOG_COMPILER_APPICON_NAME = AppIcon;
				CODE_SIGN_STYLE = Automatic;
				DEVELOPMENT_TEAM = 3ER798Q6G9;
				INFOPLIST_FILE = CodeAcademyProject/Info.plist;
				LD_RUNPATH_SEARCH_PATHS = (
					"$(inherited)",
					"@executable_path/Frameworks",
				);
				PRODUCT_BUNDLE_IDENTIFIER = com.ArvydasKlimavicius.CodeAcademyProject;
				PRODUCT_NAME = "$(TARGET_NAME)";
				SWIFT_VERSION = 5.0;
				TARGETED_DEVICE_FAMILY = "1,2";
			};
			name = Debug;
		};
		CE3FC90C238D992300DDF4E0 /* Release */ = {
			isa = XCBuildConfiguration;
			buildSettings = {
				ASSETCATALOG_COMPILER_APPICON_NAME = AppIcon;
				CODE_SIGN_STYLE = Automatic;
				DEVELOPMENT_TEAM = 3ER798Q6G9;
				INFOPLIST_FILE = CodeAcademyProject/Info.plist;
				LD_RUNPATH_SEARCH_PATHS = (
					"$(inherited)",
					"@executable_path/Frameworks",
				);
				PRODUCT_BUNDLE_IDENTIFIER = com.ArvydasKlimavicius.CodeAcademyProject;
				PRODUCT_NAME = "$(TARGET_NAME)";
				SWIFT_VERSION = 5.0;
				TARGETED_DEVICE_FAMILY = "1,2";
			};
			name = Release;
		};
		CE3FC90E238D992300DDF4E0 /* Debug */ = {
			isa = XCBuildConfiguration;
			buildSettings = {
				ALWAYS_EMBED_SWIFT_STANDARD_LIBRARIES = YES;
				BUNDLE_LOADER = "$(TEST_HOST)";
				CODE_SIGN_STYLE = Automatic;
				DEVELOPMENT_TEAM = 3ER798Q6G9;
				INFOPLIST_FILE = CodeAcademyProjectTests/Info.plist;
				IPHONEOS_DEPLOYMENT_TARGET = 13.2;
				LD_RUNPATH_SEARCH_PATHS = (
					"$(inherited)",
					"@executable_path/Frameworks",
					"@loader_path/Frameworks",
				);
				PRODUCT_BUNDLE_IDENTIFIER = com.ArvydasKlimavicius.CodeAcademyProjectTests;
				PRODUCT_NAME = "$(TARGET_NAME)";
				SWIFT_VERSION = 5.0;
				TARGETED_DEVICE_FAMILY = "1,2";
				TEST_HOST = "$(BUILT_PRODUCTS_DIR)/CodeAcademyProject.app/CodeAcademyProject";
			};
			name = Debug;
		};
		CE3FC90F238D992300DDF4E0 /* Release */ = {
			isa = XCBuildConfiguration;
			buildSettings = {
				ALWAYS_EMBED_SWIFT_STANDARD_LIBRARIES = YES;
				BUNDLE_LOADER = "$(TEST_HOST)";
				CODE_SIGN_STYLE = Automatic;
				DEVELOPMENT_TEAM = 3ER798Q6G9;
				INFOPLIST_FILE = CodeAcademyProjectTests/Info.plist;
				IPHONEOS_DEPLOYMENT_TARGET = 13.2;
				LD_RUNPATH_SEARCH_PATHS = (
					"$(inherited)",
					"@executable_path/Frameworks",
					"@loader_path/Frameworks",
				);
				PRODUCT_BUNDLE_IDENTIFIER = com.ArvydasKlimavicius.CodeAcademyProjectTests;
				PRODUCT_NAME = "$(TARGET_NAME)";
				SWIFT_VERSION = 5.0;
				TARGETED_DEVICE_FAMILY = "1,2";
				TEST_HOST = "$(BUILT_PRODUCTS_DIR)/CodeAcademyProject.app/CodeAcademyProject";
			};
			name = Release;
		};
/* End XCBuildConfiguration section */

/* Begin XCConfigurationList section */
		CE3FC8E6238D992100DDF4E0 /* Build configuration list for PBXProject "CodeAcademyProject" */ = {
			isa = XCConfigurationList;
			buildConfigurations = (
				CE3FC908238D992300DDF4E0 /* Debug */,
				CE3FC909238D992300DDF4E0 /* Release */,
			);
			defaultConfigurationIsVisible = 0;
			defaultConfigurationName = Release;
		};
		CE3FC90A238D992300DDF4E0 /* Build configuration list for PBXNativeTarget "CodeAcademyProject" */ = {
			isa = XCConfigurationList;
			buildConfigurations = (
				CE3FC90B238D992300DDF4E0 /* Debug */,
				CE3FC90C238D992300DDF4E0 /* Release */,
			);
			defaultConfigurationIsVisible = 0;
			defaultConfigurationName = Release;
		};
		CE3FC90D238D992300DDF4E0 /* Build configuration list for PBXNativeTarget "CodeAcademyProjectTests" */ = {
			isa = XCConfigurationList;
			buildConfigurations = (
				CE3FC90E238D992300DDF4E0 /* Debug */,
				CE3FC90F238D992300DDF4E0 /* Release */,
			);
			defaultConfigurationIsVisible = 0;
			defaultConfigurationName = Release;
		};
/* End XCConfigurationList section */
	};
	rootObject = CE3FC8E3238D992100DDF4E0 /* Project object */;
}
